
Microsoft Visual Studio Solution File, Format Version 12.00
# Visual Studio 15
VisualStudioVersion = 15.0.26430.6
MinimumVisualStudioVersion = 10.0.40219.1
Project("{8BC9CEB8-8B4A-11D0-8D11-00A0C91BC942}") = "GpuRootFinder", "GpuRootFinderDx9_VC150.vcxproj", "{A9121D66-E7C6-4070-98C6-09EEFD3DFF1A}"
EndProject
Project("{2150E333-8FDC-42A3-9474-1A3956D46DE8}") = "Libraries", "Libraries", "{5F25B6D6-3062-412B-9B82-1B70F92BA866}"
EndProject
Project("{8BC9CEB8-8B4A-11D0-8D11-00A0C91BC942}") = "LibCore_VC150", "..\..\LibCore\LibCore_VC150.vcxproj", "{4915B5B4-800B-40E2-A46B-703F8F38E066}"
EndProject
Project("{8BC9CEB8-8B4A-11D0-8D11-00A0C91BC942}") = "LibMathematics_VC150", "..\..\LibMathematics\LibMathematics_VC150.vcxproj", "{D7B74341-C2E2-470B-A375-3E97CECA3457}"
EndProject
Project("{8BC9CEB8-8B4A-11D0-8D11-00A0C91BC942}") = "LibImagics_VC150", "..\..\LibImagics\LibImagics_VC150.vcxproj", "{280AB789-07FF-49FD-9FDD-4459AC601D24}"
EndProject
Project("{8BC9CEB8-8B4A-11D0-8D11-00A0C91BC942}") = "LibPhysics_VC150", "..\..\LibPhysics\LibPhysics_VC150.vcxproj", "{E78B9DAF-8937-4C0D-8C49-9C01EBFCF529}"
EndProject
Project("{8BC9CEB8-8B4A-11D0-8D11-00A0C91BC942}") = "LibDx9Graphics_VC150", "..\..\LibGraphics\LibDx9Graphics_VC150.vcxproj", "{D57F935B-2FEB-4C5F-B199-23785BF21CEB}"
EndProject
Project("{8BC9CEB8-8B4A-11D0-8D11-00A0C91BC942}") = "LibDx9Applications_VC150", "..\..\LibApplications\LibDx9Applications_VC150.vcxproj", "{D070AFF0-E688-4E38-9C89-AB016371B618}"
EndProject
Global
	GlobalSection(SolutionConfigurationPlatforms) = preSolution
		Debug|x64 = Debug|x64
		Debug|x86 = Debug|x86
		DebugDLL|x64 = DebugDLL|x64
		DebugDLL|x86 = DebugDLL|x86
		Release|x64 = Release|x64
		Release|x86 = Release|x86
		ReleaseDLL|x64 = ReleaseDLL|x64
		ReleaseDLL|x86 = ReleaseDLL|x86
	EndGlobalSection
	GlobalSection(ProjectConfigurationPlatforms) = postSolution
		{A9121D66-E7C6-4070-98C6-09EEFD3DFF1A}.Debug|x64.ActiveCfg = Debug|x64
		{A9121D66-E7C6-4070-98C6-09EEFD3DFF1A}.Debug|x64.Build.0 = Debug|x64
		{A9121D66-E7C6-4070-98C6-09EEFD3DFF1A}.Debug|x86.ActiveCfg = Debug|Win32
		{A9121D66-E7C6-4070-98C6-09EEFD3DFF1A}.Debug|x86.Build.0 = Debug|Win32
		{A9121D66-E7C6-4070-98C6-09EEFD3DFF1A}.Debug|x86.Deploy.0 = Debug|Win32
		{A9121D66-E7C6-4070-98C6-09EEFD3DFF1A}.DebugDLL|x64.ActiveCfg = DebugDLL|x64
		{A9121D66-E7C6-4070-98C6-09EEFD3DFF1A}.DebugDLL|x64.Build.0 = DebugDLL|x64
		{A9121D66-E7C6-4070-98C6-09EEFD3DFF1A}.DebugDLL|x86.ActiveCfg = DebugDLL|Win32
		{A9121D66-E7C6-4070-98C6-09EEFD3DFF1A}.DebugDLL|x86.Build.0 = DebugDLL|Win32
		{A9121D66-E7C6-4070-98C6-09EEFD3DFF1A}.DebugDLL|x86.Deploy.0 = DebugDLL|Win32
		{A9121D66-E7C6-4070-98C6-09EEFD3DFF1A}.Release|x64.ActiveCfg = Release|x64
		{A9121D66-E7C6-4070-98C6-09EEFD3DFF1A}.Release|x64.Build.0 = Release|x64
		{A9121D66-E7C6-4070-98C6-09EEFD3DFF1A}.Release|x86.ActiveCfg = Release|Win32
		{A9121D66-E7C6-4070-98C6-09EEFD3DFF1A}.Release|x86.Build.0 = Release|Win32
		{A9121D66-E7C6-4070-98C6-09EEFD3DFF1A}.Release|x86.Deploy.0 = Release|Win32
		{A9121D66-E7C6-4070-98C6-09EEFD3DFF1A}.ReleaseDLL|x64.ActiveCfg = ReleaseDLL|x64
		{A9121D66-E7C6-4070-98C6-09EEFD3DFF1A}.ReleaseDLL|x64.Build.0 = ReleaseDLL|x64
		{A9121D66-E7C6-4070-98C6-09EEFD3DFF1A}.ReleaseDLL|x86.ActiveCfg = ReleaseDLL|Win32
		{A9121D66-E7C6-4070-98C6-09EEFD3DFF1A}.ReleaseDLL|x86.Build.0 = ReleaseDLL|Win32
		{A9121D66-E7C6-4070-98C6-09EEFD3DFF1A}.ReleaseDLL|x86.Deploy.0 = ReleaseDLL|Win32
		{4915B5B4-800B-40E2-A46B-703F8F38E066}.Debug|x64.ActiveCfg = Debug|x64
		{4915B5B4-800B-40E2-A46B-703F8F38E066}.Debug|x64.Build.0 = Debug|x64
		{4915B5B4-800B-40E2-A46B-703F8F38E066}.Debug|x86.ActiveCfg = Debug|Win32
		{4915B5B4-800B-40E2-A46B-703F8F38E066}.Debug|x86.Build.0 = Debug|Win32
		{4915B5B4-800B-40E2-A46B-703F8F38E066}.Debug|x86.Deploy.0 = Debug|Win32
		{4915B5B4-800B-40E2-A46B-703F8F38E066}.DebugDLL|x64.ActiveCfg = DebugDLL|x64
		{4915B5B4-800B-40E2-A46B-703F8F38E066}.DebugDLL|x64.Build.0 = DebugDLL|x64
		{4915B5B4-800B-40E2-A46B-703F8F38E066}.DebugDLL|x86.ActiveCfg = DebugDLL|Win32
		{4915B5B4-800B-40E2-A46B-703F8F38E066}.DebugDLL|x86.Build.0 = DebugDLL|Win32
		{4915B5B4-800B-40E2-A46B-703F8F38E066}.DebugDLL|x86.Deploy.0 = DebugDLL|Win32
		{4915B5B4-800B-40E2-A46B-703F8F38E066}.Release|x64.ActiveCfg = Release|x64
		{4915B5B4-800B-40E2-A46B-703F8F38E066}.Release|x64.Build.0 = Release|x64
		{4915B5B4-800B-40E2-A46B-703F8F38E066}.Release|x86.ActiveCfg = Release|Win32
		{4915B5B4-800B-40E2-A46B-703F8F38E066}.Release|x86.Build.0 = Release|Win32
		{4915B5B4-800B-40E2-A46B-703F8F38E066}.Release|x86.Deploy.0 = Release|Win32
		{4915B5B4-800B-40E2-A46B-703F8F38E066}.ReleaseDLL|x64.ActiveCfg = ReleaseDLL|x64
		{4915B5B4-800B-40E2-A46B-703F8F38E066}.ReleaseDLL|x64.Build.0 = ReleaseDLL|x64
		{4915B5B4-800B-40E2-A46B-703F8F38E066}.ReleaseDLL|x86.ActiveCfg = ReleaseDLL|Win32
		{4915B5B4-800B-40E2-A46B-703F8F38E066}.ReleaseDLL|x86.Build.0 = ReleaseDLL|Win32
		{4915B5B4-800B-40E2-A46B-703F8F38E066}.ReleaseDLL|x86.Deploy.0 = ReleaseDLL|Win32
		{D7B74341-C2E2-470B-A375-3E97CECA3457}.Debug|x64.ActiveCfg = Debug|x64
		{D7B74341-C2E2-470B-A375-3E97CECA3457}.Debug|x64.Build.0 = Debug|x64
		{D7B74341-C2E2-470B-A375-3E97CECA3457}.Debug|x86.ActiveCfg = Debug|Win32
		{D7B74341-C2E2-470B-A375-3E97CECA3457}.Debug|x86.Build.0 = Debug|Win32
		{D7B74341-C2E2-470B-A375-3E97CECA3457}.Debug|x86.Deploy.0 = Debug|Win32
		{D7B74341-C2E2-470B-A375-3E97CECA3457}.DebugDLL|x64.ActiveCfg = DebugDLL|x64
		{D7B74341-C2E2-470B-A375-3E97CECA3457}.DebugDLL|x64.Build.0 = DebugDLL|x64
		{D7B74341-C2E2-470B-A375-3E97CECA3457}.DebugDLL|x86.ActiveCfg = DebugDLL|Win32
		{D7B74341-C2E2-470B-A375-3E97CECA3457}.DebugDLL|x86.Build.0 = DebugDLL|Win32
		{D7B74341-C2E2-470B-A375-3E97CECA3457}.DebugDLL|x86.Deploy.0 = DebugDLL|Win32
		{D7B74341-C2E2-470B-A375-3E97CECA3457}.Release|x64.ActiveCfg = Release|x64
		{D7B74341-C2E2-470B-A375-3E97CECA3457}.Release|x64.Build.0 = Release|x64
		{D7B74341-C2E2-470B-A375-3E97CECA3457}.Release|x86.ActiveCfg = Release|Win32
		{D7B74341-C2E2-470B-A375-3E97CECA3457}.Release|x86.Build.0 = Release|Win32
		{D7B74341-C2E2-470B-A375-3E97CECA3457}.Release|x86.Deploy.0 = Release|Win32
		{D7B74341-C2E2-470B-A375-3E97CECA3457}.ReleaseDLL|x64.ActiveCfg = ReleaseDLL|x64
		{D7B74341-C2E2-470B-A375-3E97CECA3457}.ReleaseDLL|x64.Build.0 = ReleaseDLL|x64
		{D7B74341-C2E2-470B-A375-3E97CECA3457}.ReleaseDLL|x86.ActiveCfg = ReleaseDLL|Win32
		{D7B74341-C2E2-470B-A375-3E97CECA3457}.ReleaseDLL|x86.Build.0 = ReleaseDLL|Win32
		{D7B74341-C2E2-470B-A375-3E97CECA3457}.ReleaseDLL|x86.Deploy.0 = ReleaseDLL|Win32
		{280AB789-07FF-49FD-9FDD-4459AC601D24}.Debug|x64.ActiveCfg = Debug|x64
		{280AB789-07FF-49FD-9FDD-4459AC601D24}.Debug|x64.Build.0 = Debug|x64
		{280AB789-07FF-49FD-9FDD-4459AC601D24}.Debug|x86.ActiveCfg = Debug|Win32
		{280AB789-07FF-49FD-9FDD-4459AC601D24}.Debug|x86.Build.0 = Debug|Win32
		{280AB789-07FF-49FD-9FDD-4459AC601D24}.Debug|x86.Deploy.0 = Debug|Win32
		{280AB789-07FF-49FD-9FDD-4459AC601D24}.DebugDLL|x64.ActiveCfg = DebugDLL|x64
		{280AB789-07FF-49FD-9FDD-4459AC601D24}.DebugDLL|x64.Build.0 = DebugDLL|x64
		{280AB789-07FF-49FD-9FDD-4459AC601D24}.DebugDLL|x86.ActiveCfg = DebugDLL|Win32
		{280AB789-07FF-49FD-9FDD-4459AC601D24}.DebugDLL|x86.Build.0 = DebugDLL|Win32
		{280AB789-07FF-49FD-9FDD-4459AC601D24}.DebugDLL|x86.Deploy.0 = DebugDLL|Win32
		{280AB789-07FF-49FD-9FDD-4459AC601D24}.Release|x64.ActiveCfg = Release|x64
		{280AB789-07FF-49FD-9FDD-4459AC601D24}.Release|x64.Build.0 = Release|x64
		{280AB789-07FF-49FD-9FDD-4459AC601D24}.Release|x86.ActiveCfg = Release|Win32
		{280AB789-07FF-49FD-9FDD-4459AC601D24}.Release|x86.Build.0 = Release|Win32
		{280AB789-07FF-49FD-9FDD-4459AC601D24}.Release|x86.Deploy.0 = Release|Win32
		{280AB789-07FF-49FD-9FDD-4459AC601D24}.ReleaseDLL|x64.ActiveCfg = ReleaseDLL|x64
		{280AB789-07FF-49FD-9FDD-4459AC601D24}.ReleaseDLL|x64.Build.0 = ReleaseDLL|x64
		{280AB789-07FF-49FD-9FDD-4459AC601D24}.ReleaseDLL|x86.ActiveCfg = ReleaseDLL|Win32
		{280AB789-07FF-49FD-9FDD-4459AC601D24}.ReleaseDLL|x86.Build.0 = ReleaseDLL|Win32
		{280AB789-07FF-49FD-9FDD-4459AC601D24}.ReleaseDLL|x86.Deploy.0 = ReleaseDLL|Win32
		{E78B9DAF-8937-4C0D-8C49-9C01EBFCF529}.Debug|x64.ActiveCfg = Debug|x64
		{E78B9DAF-8937-4C0D-8C49-9C01EBFCF529}.Debug|x64.Build.0 = Debug|x64
		{E78B9DAF-8937-4C0D-8C49-9C01EBFCF529}.Debug|x86.ActiveCfg = Debug|Win32
		{E78B9DAF-8937-4C0D-8C49-9C01EBFCF529}.Debug|x86.Build.0 = Debug|Win32
		{E78B9DAF-8937-4C0D-8C49-9C01EBFCF529}.Debug|x86.Deploy.0 = Debug|Win32
		{E78B9DAF-8937-4C0D-8C49-9C01EBFCF529}.DebugDLL|x64.ActiveCfg = DebugDLL|x64
		{E78B9DAF-8937-4C0D-8C49-9C01EBFCF529}.DebugDLL|x64.Build.0 = DebugDLL|x64
		{E78B9DAF-8937-4C0D-8C49-9C01EBFCF529}.DebugDLL|x86.ActiveCfg = DebugDLL|Win32
		{E78B9DAF-8937-4C0D-8C49-9C01EBFCF529}.DebugDLL|x86.Build.0 = DebugDLL|Win32
		{E78B9DAF-8937-4C0D-8C49-9C01EBFCF529}.DebugDLL|x86.Deploy.0 = DebugDLL|Win32
		{E78B9DAF-8937-4C0D-8C49-9C01EBFCF529}.Release|x64.ActiveCfg = Release|x64
		{E78B9DAF-8937-4C0D-8C49-9C01EBFCF529}.Release|x64.Build.0 = Release|x64
		{E78B9DAF-8937-4C0D-8C49-9C01EBFCF529}.Release|x86.ActiveCfg = Release|Win32
		{E78B9DAF-8937-4C0D-8C49-9C01EBFCF529}.Release|x86.Build.0 = Release|Win32
		{E78B9DAF-8937-4C0D-8C49-9C01EBFCF529}.Release|x86.Deploy.0 = Release|Win32
		{E78B9DAF-8937-4C0D-8C49-9C01EBFCF529}.ReleaseDLL|x64.ActiveCfg = ReleaseDLL|x64
		{E78B9DAF-8937-4C0D-8C49-9C01EBFCF529}.ReleaseDLL|x64.Build.0 = ReleaseDLL|x64
		{E78B9DAF-8937-4C0D-8C49-9C01EBFCF529}.ReleaseDLL|x86.ActiveCfg = ReleaseDLL|Win32
		{E78B9DAF-8937-4C0D-8C49-9C01EBFCF529}.ReleaseDLL|x86.Build.0 = ReleaseDLL|Win32
		{E78B9DAF-8937-4C0D-8C49-9C01EBFCF529}.ReleaseDLL|x86.Deploy.0 = ReleaseDLL|Win32
		{D57F935B-2FEB-4C5F-B199-23785BF21CEB}.Debug|x64.ActiveCfg = Debug|x64
		{D57F935B-2FEB-4C5F-B199-23785BF21CEB}.Debug|x64.Build.0 = Debug|x64
		{D57F935B-2FEB-4C5F-B199-23785BF21CEB}.Debug|x86.ActiveCfg = Debug|Win32
		{D57F935B-2FEB-4C5F-B199-23785BF21CEB}.Debug|x86.Build.0 = Debug|Win32
		{D57F935B-2FEB-4C5F-B199-23785BF21CEB}.Debug|x86.Deploy.0 = Debug|Win32
		{D57F935B-2FEB-4C5F-B199-23785BF21CEB}.DebugDLL|x64.ActiveCfg = DebugDLL|x64
		{D57F935B-2FEB-4C5F-B199-23785BF21CEB}.DebugDLL|x64.Build.0 = DebugDLL|x64
		{D57F935B-2FEB-4C5F-B199-23785BF21CEB}.DebugDLL|x86.ActiveCfg = DebugDLL|Win32
		{D57F935B-2FEB-4C5F-B199-23785BF21CEB}.DebugDLL|x86.Build.0 = DebugDLL|Win32
		{D57F935B-2FEB-4C5F-B199-23785BF21CEB}.DebugDLL|x86.Deploy.0 = DebugDLL|Win32
		{D57F935B-2FEB-4C5F-B199-23785BF21CEB}.Release|x64.ActiveCfg = Release|x64
		{D57F935B-2FEB-4C5F-B199-23785BF21CEB}.Release|x64.Build.0 = Release|x64
		{D57F935B-2FEB-4C5F-B199-23785BF21CEB}.Release|x86.ActiveCfg = Release|Win32
		{D57F935B-2FEB-4C5F-B199-23785BF21CEB}.Release|x86.Build.0 = Release|Win32
		{D57F935B-2FEB-4C5F-B199-23785BF21CEB}.Release|x86.Deploy.0 = Release|Win32
		{D57F935B-2FEB-4C5F-B199-23785BF21CEB}.ReleaseDLL|x64.ActiveCfg = ReleaseDLL|x64
		{D57F935B-2FEB-4C5F-B199-23785BF21CEB}.ReleaseDLL|x64.Build.0 = ReleaseDLL|x64
		{D57F935B-2FEB-4C5F-B199-23785BF21CEB}.ReleaseDLL|x86.ActiveCfg = ReleaseDLL|Win32
		{D57F935B-2FEB-4C5F-B199-23785BF21CEB}.ReleaseDLL|x86.Build.0 = ReleaseDLL|Win32
		{D57F935B-2FEB-4C5F-B199-23785BF21CEB}.ReleaseDLL|x86.Deploy.0 = ReleaseDLL|Win32
		{D070AFF0-E688-4E38-9C89-AB016371B618}.Debug|x64.ActiveCfg = Debug|x64
		{D070AFF0-E688-4E38-9C89-AB016371B618}.Debug|x64.Build.0 = Debug|x64
		{D070AFF0-E688-4E38-9C89-AB016371B618}.Debug|x86.ActiveCfg = Debug|Win32
		{D070AFF0-E688-4E38-9C89-AB016371B618}.Debug|x86.Build.0 = Debug|Win32
		{D070AFF0-E688-4E38-9C89-AB016371B618}.Debug|x86.Deploy.0 = Debug|Win32
		{D070AFF0-E688-4E38-9C89-AB016371B618}.DebugDLL|x64.ActiveCfg = DebugDLL|x64
		{D070AFF0-E688-4E38-9C89-AB016371B618}.DebugDLL|x64.Build.0 = DebugDLL|x64
		{D070AFF0-E688-4E38-9C89-AB016371B618}.DebugDLL|x86.ActiveCfg = DebugDLL|Win32
		{D070AFF0-E688-4E38-9C89-AB016371B618}.DebugDLL|x86.Build.0 = DebugDLL|Win32
		{D070AFF0-E688-4E38-9C89-AB016371B618}.DebugDLL|x86.Deploy.0 = DebugDLL|Win32
		{D070AFF0-E688-4E38-9C89-AB016371B618}.Release|x64.ActiveCfg = Release|x64
		{D070AFF0-E688-4E38-9C89-AB016371B618}.Release|x64.Build.0 = Release|x64
		{D070AFF0-E688-4E38-9C89-AB016371B618}.Release|x86.ActiveCfg = Release|Win32
		{D070AFF0-E688-4E38-9C89-AB016371B618}.Release|x86.Build.0 = Release|Win32
		{D070AFF0-E688-4E38-9C89-AB016371B618}.Release|x86.Deploy.0 = Release|Win32
		{D070AFF0-E688-4E38-9C89-AB016371B618}.ReleaseDLL|x64.ActiveCfg = ReleaseDLL|x64
		{D070AFF0-E688-4E38-9C89-AB016371B618}.ReleaseDLL|x64.Build.0 = ReleaseDLL|x64
		{D070AFF0-E688-4E38-9C89-AB016371B618}.ReleaseDLL|x86.ActiveCfg = ReleaseDLL|Win32
		{D070AFF0-E688-4E38-9C89-AB016371B618}.ReleaseDLL|x86.Build.0 = ReleaseDLL|Win32
		{D070AFF0-E688-4E38-9C89-AB016371B618}.ReleaseDLL|x86.Deploy.0 = ReleaseDLL|Win32
	EndGlobalSection
	GlobalSection(SolutionProperties) = preSolution
		HideSolutionNode = FALSE
	EndGlobalSection
	GlobalSection(NestedProjects) = preSolution
		{4915B5B4-800B-40E2-A46B-703F8F38E066} = {5F25B6D6-3062-412B-9B82-1B70F92BA866}
		{D7B74341-C2E2-470B-A375-3E97CECA3457} = {5F25B6D6-3062-412B-9B82-1B70F92BA866}
		{280AB789-07FF-49FD-9FDD-4459AC601D24} = {5F25B6D6-3062-412B-9B82-1B70F92BA866}
		{E78B9DAF-8937-4C0D-8C49-9C01EBFCF529} = {5F25B6D6-3062-412B-9B82-1B70F92BA866}
		{D57F935B-2FEB-4C5F-B199-23785BF21CEB} = {5F25B6D6-3062-412B-9B82-1B70F92BA866}
		{D070AFF0-E688-4E38-9C89-AB016371B618} = {5F25B6D6-3062-412B-9B82-1B70F92BA866}
	EndGlobalSection
EndGlobal
